
Microsoft Visual Studio Solution File, Format Version 12.00
# Visual Studio Version 17
VisualStudioVersion = 17.5.33318.248
MinimumVisualStudioVersion = 10.0.40219.1
Project("{9A19103F-16F7-4668-BE54-9A1E7A4F7556}") = "ManDI", "ManDI.csproj", "{65D1FF1D-47B6-4E94-A0F5-208C618F902D}"
EndProject
Project("{9A19103F-16F7-4668-BE54-9A1E7A4F7556}") = "test", "..\test\test.csproj", "{F1039C9B-733B-4634-9ABB-9D7383EC69D5}"
EndProject
Project("{9A19103F-16F7-4668-BE54-9A1E7A4F7556}") = "DJournal", "..\DJournal\DJournal.csproj", "{9A5036ED-3D10-4524-B60D-89E72C623266}"
EndProject
Project("{9A19103F-16F7-4668-BE54-9A1E7A4F7556}") = "DataAdapter", "..\DataAdapter\DataAdapter.csproj", "{EF1173D3-6989-4E72-B759-DE48BA2F702F}"
EndProject
Project("{9A19103F-16F7-4668-BE54-9A1E7A4F7556}") = "WebClient", "..\WebClient\WebClient.csproj", "{854C87E3-F2C8-4AF3-BD21-B22FCA637535}"
EndProject
Global
	GlobalSection(SolutionConfigurationPlatforms) = preSolution
		Debug|Any CPU = Debug|Any CPU
		Release|Any CPU = Release|Any CPU
	EndGlobalSection
	GlobalSection(ProjectConfigurationPlatforms) = postSolution
		{65D1FF1D-47B6-4E94-A0F5-208C618F902D}.Debug|Any CPU.ActiveCfg = Debug|Any CPU
		{65D1FF1D-47B6-4E94-A0F5-208C618F902D}.Debug|Any CPU.Build.0 = Debug|Any CPU
		{65D1FF1D-47B6-4E94-A0F5-208C618F902D}.Release|Any CPU.ActiveCfg = Release|Any CPU
		{65D1FF1D-47B6-4E94-A0F5-208C618F902D}.Release|Any CPU.Build.0 = Release|Any CPU
		{F1039C9B-733B-4634-9ABB-9D7383EC69D5}.Debug|Any CPU.ActiveCfg = Debug|Any CPU
		{F1039C9B-733B-4634-9ABB-9D7383EC69D5}.Debug|Any CPU.Build.0 = Debug|Any CPU
		{F1039C9B-733B-4634-9ABB-9D7383EC69D5}.Release|Any CPU.ActiveCfg = Release|Any CPU
		{F1039C9B-733B-4634-9ABB-9D7383EC69D5}.Release|Any CPU.Build.0 = Release|Any CPU
		{9A5036ED-3D10-4524-B60D-89E72C623266}.Debug|Any CPU.ActiveCfg = Debug|Any CPU
		{9A5036ED-3D10-4524-B60D-89E72C623266}.Debug|Any CPU.Build.0 = Debug|Any CPU
		{9A5036ED-3D10-4524-B60D-89E72C623266}.Release|Any CPU.ActiveCfg = Release|Any CPU
		{9A5036ED-3D10-4524-B60D-89E72C623266}.Release|Any CPU.Build.0 = Release|Any CPU
		{EF1173D3-6989-4E72-B759-DE48BA2F702F}.Debug|Any CPU.ActiveCfg = Debug|Any CPU
		{EF1173D3-6989-4E72-B759-DE48BA2F702F}.Debug|Any CPU.Build.0 = Debug|Any CPU
		{EF1173D3-6989-4E72-B759-DE48BA2F702F}.Release|Any CPU.ActiveCfg = Release|Any CPU
		{EF1173D3-6989-4E72-B759-DE48BA2F702F}.Release|Any CPU.Build.0 = Release|Any CPU
		{854C87E3-F2C8-4AF3-BD21-B22FCA637535}.Debug|Any CPU.ActiveCfg = Debug|Any CPU
		{854C87E3-F2C8-4AF3-BD21-B22FCA637535}.Debug|Any CPU.Build.0 = Debug|Any CPU
		{854C87E3-F2C8-4AF3-BD21-B22FCA637535}.Release|Any CPU.ActiveCfg = Release|Any CPU
		{854C87E3-F2C8-4AF3-BD21-B22FCA637535}.Release|Any CPU.Build.0 = Release|Any CPU
	EndGlobalSection
	GlobalSection(SolutionProperties) = preSolution
		HideSolutionNode = FALSE
	EndGlobalSection
	GlobalSection(ExtensibilityGlobals) = postSolution
		SolutionGuid = {A83BACC5-B8BF-429A-9202-C4EF236E6E07}
	EndGlobalSection
EndGlobal
